
Microsoft Visual Studio Solution File, Format Version 12.00
# Visual Studio Version 17
VisualStudioVersion = 17.0.31903.59
MinimumVisualStudioVersion = 10.0.40219.1
Project("{FAE04EC0-301F-11D3-BF4B-00C04F79EFBC}") = "GameBreaker.Editor", "GameBreaker.Editor\GameBreaker.Editor.csproj", "{A2C44034-AC39-40C5-BB39-61BAA62C8FAC}"
EndProject
Project("{FAE04EC0-301F-11D3-BF4B-00C04F79EFBC}") = "GameBreaker", "GameBreaker\GameBreaker.csproj", "{AE8A18A0-D4EF-4102-94AC-CB290B011D9E}"
EndProject
Project("{FAE04EC0-301F-11D3-BF4B-00C04F79EFBC}") = "GameBreaker.Tests", "GameBreaker.Tests\GameBreaker.Tests.csproj", "{69792439-D775-4D6F-9406-7FF6ED00CC8C}"
EndProject
Global
	GlobalSection(SolutionConfigurationPlatforms) = preSolution
		Debug|Any CPU = Debug|Any CPU
		Release|Any CPU = Release|Any CPU
	EndGlobalSection
	GlobalSection(SolutionProperties) = preSolution
		HideSolutionNode = FALSE
	EndGlobalSection
	GlobalSection(ProjectConfigurationPlatforms) = postSolution
		{A2C44034-AC39-40C5-BB39-61BAA62C8FAC}.Debug|Any CPU.ActiveCfg = Debug|Any CPU
		{A2C44034-AC39-40C5-BB39-61BAA62C8FAC}.Debug|Any CPU.Build.0 = Debug|Any CPU
		{A2C44034-AC39-40C5-BB39-61BAA62C8FAC}.Release|Any CPU.ActiveCfg = Release|Any CPU
		{A2C44034-AC39-40C5-BB39-61BAA62C8FAC}.Release|Any CPU.Build.0 = Release|Any CPU
		{AE8A18A0-D4EF-4102-94AC-CB290B011D9E}.Debug|Any CPU.ActiveCfg = Debug|Any CPU
		{AE8A18A0-D4EF-4102-94AC-CB290B011D9E}.Debug|Any CPU.Build.0 = Debug|Any CPU
		{AE8A18A0-D4EF-4102-94AC-CB290B011D9E}.Release|Any CPU.ActiveCfg = Release|Any CPU
		{AE8A18A0-D4EF-4102-94AC-CB290B011D9E}.Release|Any CPU.Build.0 = Release|Any CPU
		{69792439-D775-4D6F-9406-7FF6ED00CC8C}.Debug|Any CPU.ActiveCfg = Debug|Any CPU
		{69792439-D775-4D6F-9406-7FF6ED00CC8C}.Debug|Any CPU.Build.0 = Debug|Any CPU
		{69792439-D775-4D6F-9406-7FF6ED00CC8C}.Release|Any CPU.ActiveCfg = Release|Any CPU
		{69792439-D775-4D6F-9406-7FF6ED00CC8C}.Release|Any CPU.Build.0 = Release|Any CPU
	EndGlobalSection
EndGlobal
