
Microsoft Visual Studio Solution File, Format Version 12.00
# Visual Studio Version 17
VisualStudioVersion = 17.0.31903.59
MinimumVisualStudioVersion = 10.0.40219.1
Project("{FAE04EC0-301F-11D3-BF4B-00C04F79EFBC}") = "GameBreaker.GML", "GameBreaker.GML\GameBreaker.GML.csproj", "{F89EDEA8-21EB-4805-9FA8-39ECE8CA5CB0}"
EndProject
Project("{FAE04EC0-301F-11D3-BF4B-00C04F79EFBC}") = "GameBreaker.GML.Tests", "GameBreaker.GML.Tests\GameBreaker.GML.Tests.csproj", "{48EAA8C9-EF3E-494C-BE63-0ADF2410746D}"
EndProject
Project("{FAE04EC0-301F-11D3-BF4B-00C04F79EFBC}") = "GameBreaker.GML.LexemeGenerator", "GameBreaker.GML.LexemeGenerator\GameBreaker.GML.LexemeGenerator.csproj", "{0ECF438E-1361-418C-A9D5-8DEDEA1322C6}"
EndProject
Project("{FAE04EC0-301F-11D3-BF4B-00C04F79EFBC}") = "GameBreaker.Serial", "GameBreaker.Serial\GameBreaker.Serial.csproj", "{F32561E4-8380-4082-A573-D99CC03E254F}"
EndProject
Project("{FAE04EC0-301F-11D3-BF4B-00C04F79EFBC}") = "GameBreaker.Serial.Tests", "GameBreaker.Serial.Tests\GameBreaker.Serial.Tests.csproj", "{2BBDC574-5F42-4EEF-8EED-554E1F800CE3}"
EndProject
Project("{FAE04EC0-301F-11D3-BF4B-00C04F79EFBC}") = "GameBreaker.Serial.GMS", "GameBreaker.Serial.GMS\GameBreaker.Serial.GMS.csproj", "{C5FDB29B-F836-4E6A-9907-AA2CE6B568FC}"
EndProject
Project("{FAE04EC0-301F-11D3-BF4B-00C04F79EFBC}") = "GameBreaker.Editor", "GameBreaker.Editor\GameBreaker.Editor.csproj", "{695A813A-8618-49EA-8B14-907D54489D5E}"
EndProject
Global
	GlobalSection(SolutionConfigurationPlatforms) = preSolution
		Debug|Any CPU = Debug|Any CPU
		Release|Any CPU = Release|Any CPU
	EndGlobalSection
	GlobalSection(SolutionProperties) = preSolution
		HideSolutionNode = FALSE
	EndGlobalSection
	GlobalSection(ProjectConfigurationPlatforms) = postSolution
		{F89EDEA8-21EB-4805-9FA8-39ECE8CA5CB0}.Debug|Any CPU.ActiveCfg = Debug|Any CPU
		{F89EDEA8-21EB-4805-9FA8-39ECE8CA5CB0}.Debug|Any CPU.Build.0 = Debug|Any CPU
		{F89EDEA8-21EB-4805-9FA8-39ECE8CA5CB0}.Release|Any CPU.ActiveCfg = Release|Any CPU
		{F89EDEA8-21EB-4805-9FA8-39ECE8CA5CB0}.Release|Any CPU.Build.0 = Release|Any CPU
		{48EAA8C9-EF3E-494C-BE63-0ADF2410746D}.Debug|Any CPU.ActiveCfg = Debug|Any CPU
		{48EAA8C9-EF3E-494C-BE63-0ADF2410746D}.Debug|Any CPU.Build.0 = Debug|Any CPU
		{48EAA8C9-EF3E-494C-BE63-0ADF2410746D}.Release|Any CPU.ActiveCfg = Release|Any CPU
		{48EAA8C9-EF3E-494C-BE63-0ADF2410746D}.Release|Any CPU.Build.0 = Release|Any CPU
		{0ECF438E-1361-418C-A9D5-8DEDEA1322C6}.Debug|Any CPU.ActiveCfg = Debug|Any CPU
		{0ECF438E-1361-418C-A9D5-8DEDEA1322C6}.Debug|Any CPU.Build.0 = Debug|Any CPU
		{0ECF438E-1361-418C-A9D5-8DEDEA1322C6}.Release|Any CPU.ActiveCfg = Release|Any CPU
		{0ECF438E-1361-418C-A9D5-8DEDEA1322C6}.Release|Any CPU.Build.0 = Release|Any CPU
		{F32561E4-8380-4082-A573-D99CC03E254F}.Debug|Any CPU.ActiveCfg = Debug|Any CPU
		{F32561E4-8380-4082-A573-D99CC03E254F}.Debug|Any CPU.Build.0 = Debug|Any CPU
		{F32561E4-8380-4082-A573-D99CC03E254F}.Release|Any CPU.ActiveCfg = Release|Any CPU
		{F32561E4-8380-4082-A573-D99CC03E254F}.Release|Any CPU.Build.0 = Release|Any CPU
		{2BBDC574-5F42-4EEF-8EED-554E1F800CE3}.Debug|Any CPU.ActiveCfg = Debug|Any CPU
		{2BBDC574-5F42-4EEF-8EED-554E1F800CE3}.Debug|Any CPU.Build.0 = Debug|Any CPU
		{2BBDC574-5F42-4EEF-8EED-554E1F800CE3}.Release|Any CPU.ActiveCfg = Release|Any CPU
		{2BBDC574-5F42-4EEF-8EED-554E1F800CE3}.Release|Any CPU.Build.0 = Release|Any CPU
		{C5FDB29B-F836-4E6A-9907-AA2CE6B568FC}.Debug|Any CPU.ActiveCfg = Debug|Any CPU
		{C5FDB29B-F836-4E6A-9907-AA2CE6B568FC}.Debug|Any CPU.Build.0 = Debug|Any CPU
		{C5FDB29B-F836-4E6A-9907-AA2CE6B568FC}.Release|Any CPU.ActiveCfg = Release|Any CPU
		{C5FDB29B-F836-4E6A-9907-AA2CE6B568FC}.Release|Any CPU.Build.0 = Release|Any CPU
		{695A813A-8618-49EA-8B14-907D54489D5E}.Debug|Any CPU.ActiveCfg = Debug|Any CPU
		{695A813A-8618-49EA-8B14-907D54489D5E}.Debug|Any CPU.Build.0 = Debug|Any CPU
		{695A813A-8618-49EA-8B14-907D54489D5E}.Release|Any CPU.ActiveCfg = Release|Any CPU
		{695A813A-8618-49EA-8B14-907D54489D5E}.Release|Any CPU.Build.0 = Release|Any CPU
	EndGlobalSection
EndGlobal
